
Microsoft Visual Studio Solution File, Format Version 12.00
# Visual Studio Version 17
VisualStudioVersion = 17.14.36301.6
MinimumVisualStudioVersion = 10.0.40219.1
Project("{2150E333-8FDC-42A3-9474-1A3956D46DE8}") = "Task0", "Task0", "{02EA681E-C7D8-13C7-8484-4AC65E1B71E8}"
EndProject
Project("{FAE04EC0-301F-11D3-BF4B-00C04F79EFBC}") = "Tyuiu.PolyakovaAS.Sprint3.Task0.V12", "Tyuiu.PolyakovaAS.Sprint3.Task0.V12\Tyuiu.PolyakovaAS.Sprint3.Task0.V12.csproj", "{CD6AA98A-6148-4630-B6F8-EFD4C5DC4092}"
EndProject
Project("{FAE04EC0-301F-11D3-BF4B-00C04F79EFBC}") = "Tyuiu.PolyakovaAS.Sprint3.Task0.V12.Lib", "Tyuiu.PolyakovaAS.Sprint3.Task0.V12.Lib\Tyuiu.PolyakovaAS.Sprint3.Task0.V12.Lib.csproj", "{7CAA22AF-B90D-46FB-BD6C-A6824E692F15}"
EndProject
Project("{FAE04EC0-301F-11D3-BF4B-00C04F79EFBC}") = "Tyuiu.PolyakovaAS.Sprint3.Task0.V12.Test", "Tyuiu.PolyakovaAS.Sprint3.Task0.V12.Test\Tyuiu.PolyakovaAS.Sprint3.Task0.V12.Test.csproj", "{24FBCBBB-6DD9-44BA-BC72-1EB4924F7C1D}"
EndProject
Project("{2150E333-8FDC-42A3-9474-1A3956D46DE8}") = "Task1", "Task1", "{AD1040CF-53AD-49A3-AD13-C5A650C0B6B4}"
EndProject
Project("{FAE04EC0-301F-11D3-BF4B-00C04F79EFBC}") = "Tyuiu.PolyakovaAS.Sprint3.Task1.V27", "Tyuiu.PolyakovaAS.Sprint3.Task1.V27\Tyuiu.PolyakovaAS.Sprint3.Task1.V27.csproj", "{062D37C0-4580-44CF-ACC4-933B114BF773}"
EndProject
Project("{FAE04EC0-301F-11D3-BF4B-00C04F79EFBC}") = "Tyuiu.PolyakovaAS.Sprint3.Task1.V27.Lib", "Tyuiu.PolyakovaAS.Sprint3.Task1.V27.Lib\Tyuiu.PolyakovaAS.Sprint3.Task1.V27.Lib.csproj", "{95895DC3-AF2F-4125-B51D-93F107A13FB2}"
EndProject
Project("{FAE04EC0-301F-11D3-BF4B-00C04F79EFBC}") = "Tyuiu.PolyakovaAS.Sprint3.Task1.V27.Test", "Tyuiu.PolyakovaAS.Sprint3.Task1.V27.Test\Tyuiu.PolyakovaAS.Sprint3.Task1.V27.Test.csproj", "{2C955123-9E21-473D-BFC6-36A5CE9CFB32}"
EndProject
Project("{2150E333-8FDC-42A3-9474-1A3956D46DE8}") = "Task2", "Task2", "{4DDC1EB6-A4F2-45AB-A152-0A8D9C4CFA83}"
EndProject
Project("{FAE04EC0-301F-11D3-BF4B-00C04F79EFBC}") = "Tyuiu.PolyakovaAS.Sprint3.Task2.V19", "Tyuiu.PolyakovaAS.Sprint3.Task2.V19\Tyuiu.PolyakovaAS.Sprint3.Task2.V19.csproj", "{56A4700E-232F-4557-AB35-EAB56EBDEED4}"
EndProject
Project("{FAE04EC0-301F-11D3-BF4B-00C04F79EFBC}") = "Tyuiu.PolyakovaAS.Sprint3.Task2.V19.Lib", "Tyuiu.PolyakovaAS.Sprint3.Task2.V19.Lib\Tyuiu.PolyakovaAS.Sprint3.Task2.V19.Lib.csproj", "{78E02C80-700F-47CD-B0AE-F4CFFF09D425}"
EndProject
Project("{FAE04EC0-301F-11D3-BF4B-00C04F79EFBC}") = "Tyuiu.PolyakovaAS.Sprint3.Task2.V19.Test", "Tyuiu.PolyakovaAS.Sprint3.Task2.V19.Test\Tyuiu.PolyakovaAS.Sprint3.Task2.V19.Test.csproj", "{6959426B-FEF2-4BDA-B6EB-2A9AE8E9097C}"
EndProject
Project("{2150E333-8FDC-42A3-9474-1A3956D46DE8}") = "Task3", "Task3", "{C8A56DFC-EC70-494B-BC58-D2F1157CF20D}"
EndProject
Project("{FAE04EC0-301F-11D3-BF4B-00C04F79EFBC}") = "Tyuiu.PolyakovaAS.Sprint3.Task3.V5", "Tyuiu.PolyakovaAS.Sprint3.Task3.V5\Tyuiu.PolyakovaAS.Sprint3.Task3.V5.csproj", "{28357EDF-A49D-4A38-B03A-6C9E1D8AE767}"
EndProject
Project("{FAE04EC0-301F-11D3-BF4B-00C04F79EFBC}") = "Tyuiu.PolyakovaAS.Sprint3.Task3.V5.Lib", "Tyuiu.PolyakovaAS.Sprint3.Task3.V5.Lib\Tyuiu.PolyakovaAS.Sprint3.Task3.V5.Lib.csproj", "{28534572-F3E0-40D7-A1C4-308348590C85}"
EndProject
Project("{FAE04EC0-301F-11D3-BF4B-00C04F79EFBC}") = "Tyuiu.PolyakovaAS.Sprint3.Task3.V5.Test", "Tyuiu.PolyakovaAS.Sprint3.Task3.V5.Test\Tyuiu.PolyakovaAS.Sprint3.Task3.V5.Test.csproj", "{FEA4083A-49F9-4A10-A0F7-91E4266BB5D7}"
EndProject
Global
	GlobalSection(SolutionConfigurationPlatforms) = preSolution
		Debug|Any CPU = Debug|Any CPU
		Release|Any CPU = Release|Any CPU
	EndGlobalSection
	GlobalSection(ProjectConfigurationPlatforms) = postSolution
		{CD6AA98A-6148-4630-B6F8-EFD4C5DC4092}.Debug|Any CPU.ActiveCfg = Debug|Any CPU
		{CD6AA98A-6148-4630-B6F8-EFD4C5DC4092}.Debug|Any CPU.Build.0 = Debug|Any CPU
		{CD6AA98A-6148-4630-B6F8-EFD4C5DC4092}.Release|Any CPU.ActiveCfg = Release|Any CPU
		{CD6AA98A-6148-4630-B6F8-EFD4C5DC4092}.Release|Any CPU.Build.0 = Release|Any CPU
		{7CAA22AF-B90D-46FB-BD6C-A6824E692F15}.Debug|Any CPU.ActiveCfg = Debug|Any CPU
		{7CAA22AF-B90D-46FB-BD6C-A6824E692F15}.Debug|Any CPU.Build.0 = Debug|Any CPU
		{7CAA22AF-B90D-46FB-BD6C-A6824E692F15}.Release|Any CPU.ActiveCfg = Release|Any CPU
		{7CAA22AF-B90D-46FB-BD6C-A6824E692F15}.Release|Any CPU.Build.0 = Release|Any CPU
		{24FBCBBB-6DD9-44BA-BC72-1EB4924F7C1D}.Debug|Any CPU.ActiveCfg = Debug|Any CPU
		{24FBCBBB-6DD9-44BA-BC72-1EB4924F7C1D}.Debug|Any CPU.Build.0 = Debug|Any CPU
		{24FBCBBB-6DD9-44BA-BC72-1EB4924F7C1D}.Release|Any CPU.ActiveCfg = Release|Any CPU
		{24FBCBBB-6DD9-44BA-BC72-1EB4924F7C1D}.Release|Any CPU.Build.0 = Release|Any CPU
		{062D37C0-4580-44CF-ACC4-933B114BF773}.Debug|Any CPU.ActiveCfg = Debug|Any CPU
		{062D37C0-4580-44CF-ACC4-933B114BF773}.Debug|Any CPU.Build.0 = Debug|Any CPU
		{062D37C0-4580-44CF-ACC4-933B114BF773}.Release|Any CPU.ActiveCfg = Release|Any CPU
		{062D37C0-4580-44CF-ACC4-933B114BF773}.Release|Any CPU.Build.0 = Release|Any CPU
		{95895DC3-AF2F-4125-B51D-93F107A13FB2}.Debug|Any CPU.ActiveCfg = Debug|Any CPU
		{95895DC3-AF2F-4125-B51D-93F107A13FB2}.Debug|Any CPU.Build.0 = Debug|Any CPU
		{95895DC3-AF2F-4125-B51D-93F107A13FB2}.Release|Any CPU.ActiveCfg = Release|Any CPU
		{95895DC3-AF2F-4125-B51D-93F107A13FB2}.Release|Any CPU.Build.0 = Release|Any CPU
		{2C955123-9E21-473D-BFC6-36A5CE9CFB32}.Debug|Any CPU.ActiveCfg = Debug|Any CPU
		{2C955123-9E21-473D-BFC6-36A5CE9CFB32}.Debug|Any CPU.Build.0 = Debug|Any CPU
		{2C955123-9E21-473D-BFC6-36A5CE9CFB32}.Release|Any CPU.ActiveCfg = Release|Any CPU
		{2C955123-9E21-473D-BFC6-36A5CE9CFB32}.Release|Any CPU.Build.0 = Release|Any CPU
		{56A4700E-232F-4557-AB35-EAB56EBDEED4}.Debug|Any CPU.ActiveCfg = Debug|Any CPU
		{56A4700E-232F-4557-AB35-EAB56EBDEED4}.Debug|Any CPU.Build.0 = Debug|Any CPU
		{56A4700E-232F-4557-AB35-EAB56EBDEED4}.Release|Any CPU.ActiveCfg = Release|Any CPU
		{56A4700E-232F-4557-AB35-EAB56EBDEED4}.Release|Any CPU.Build.0 = Release|Any CPU
		{78E02C80-700F-47CD-B0AE-F4CFFF09D425}.Debug|Any CPU.ActiveCfg = Debug|Any CPU
		{78E02C80-700F-47CD-B0AE-F4CFFF09D425}.Debug|Any CPU.Build.0 = Debug|Any CPU
		{78E02C80-700F-47CD-B0AE-F4CFFF09D425}.Release|Any CPU.ActiveCfg = Release|Any CPU
		{78E02C80-700F-47CD-B0AE-F4CFFF09D425}.Release|Any CPU.Build.0 = Release|Any CPU
		{6959426B-FEF2-4BDA-B6EB-2A9AE8E9097C}.Debug|Any CPU.ActiveCfg = Debug|Any CPU
		{6959426B-FEF2-4BDA-B6EB-2A9AE8E9097C}.Debug|Any CPU.Build.0 = Debug|Any CPU
		{6959426B-FEF2-4BDA-B6EB-2A9AE8E9097C}.Release|Any CPU.ActiveCfg = Release|Any CPU
		{6959426B-FEF2-4BDA-B6EB-2A9AE8E9097C}.Release|Any CPU.Build.0 = Release|Any CPU
		{28357EDF-A49D-4A38-B03A-6C9E1D8AE767}.Debug|Any CPU.ActiveCfg = Debug|Any CPU
		{28357EDF-A49D-4A38-B03A-6C9E1D8AE767}.Debug|Any CPU.Build.0 = Debug|Any CPU
		{28357EDF-A49D-4A38-B03A-6C9E1D8AE767}.Release|Any CPU.ActiveCfg = Release|Any CPU
		{28357EDF-A49D-4A38-B03A-6C9E1D8AE767}.Release|Any CPU.Build.0 = Release|Any CPU
		{28534572-F3E0-40D7-A1C4-308348590C85}.Debug|Any CPU.ActiveCfg = Debug|Any CPU
		{28534572-F3E0-40D7-A1C4-308348590C85}.Debug|Any CPU.Build.0 = Debug|Any CPU
		{28534572-F3E0-40D7-A1C4-308348590C85}.Release|Any CPU.ActiveCfg = Release|Any CPU
		{28534572-F3E0-40D7-A1C4-308348590C85}.Release|Any CPU.Build.0 = Release|Any CPU
		{FEA4083A-49F9-4A10-A0F7-91E4266BB5D7}.Debug|Any CPU.ActiveCfg = Debug|Any CPU
		{FEA4083A-49F9-4A10-A0F7-91E4266BB5D7}.Debug|Any CPU.Build.0 = Debug|Any CPU
		{FEA4083A-49F9-4A10-A0F7-91E4266BB5D7}.Release|Any CPU.ActiveCfg = Release|Any CPU
		{FEA4083A-49F9-4A10-A0F7-91E4266BB5D7}.Release|Any CPU.Build.0 = Release|Any CPU
	EndGlobalSection
	GlobalSection(SolutionProperties) = preSolution
		HideSolutionNode = FALSE
	EndGlobalSection
	GlobalSection(NestedProjects) = preSolution
		{CD6AA98A-6148-4630-B6F8-EFD4C5DC4092} = {02EA681E-C7D8-13C7-8484-4AC65E1B71E8}
		{7CAA22AF-B90D-46FB-BD6C-A6824E692F15} = {02EA681E-C7D8-13C7-8484-4AC65E1B71E8}
		{24FBCBBB-6DD9-44BA-BC72-1EB4924F7C1D} = {02EA681E-C7D8-13C7-8484-4AC65E1B71E8}
		{062D37C0-4580-44CF-ACC4-933B114BF773} = {AD1040CF-53AD-49A3-AD13-C5A650C0B6B4}
		{95895DC3-AF2F-4125-B51D-93F107A13FB2} = {AD1040CF-53AD-49A3-AD13-C5A650C0B6B4}
		{2C955123-9E21-473D-BFC6-36A5CE9CFB32} = {AD1040CF-53AD-49A3-AD13-C5A650C0B6B4}
		{56A4700E-232F-4557-AB35-EAB56EBDEED4} = {4DDC1EB6-A4F2-45AB-A152-0A8D9C4CFA83}
		{78E02C80-700F-47CD-B0AE-F4CFFF09D425} = {4DDC1EB6-A4F2-45AB-A152-0A8D9C4CFA83}
		{6959426B-FEF2-4BDA-B6EB-2A9AE8E9097C} = {4DDC1EB6-A4F2-45AB-A152-0A8D9C4CFA83}
		{28357EDF-A49D-4A38-B03A-6C9E1D8AE767} = {C8A56DFC-EC70-494B-BC58-D2F1157CF20D}
		{28534572-F3E0-40D7-A1C4-308348590C85} = {C8A56DFC-EC70-494B-BC58-D2F1157CF20D}
		{FEA4083A-49F9-4A10-A0F7-91E4266BB5D7} = {C8A56DFC-EC70-494B-BC58-D2F1157CF20D}
	EndGlobalSection
	GlobalSection(ExtensibilityGlobals) = postSolution
		SolutionGuid = {7E6066B2-930F-43A8-A1E8-B8273DCC40DE}
	EndGlobalSection
EndGlobal
